// !$*UTF8*$!
{
	archiveVersion = 1;
	classes = {
	};
	objectVersion = 46;
	objects = {

/* Begin PBXBuildFile section */
		18FEE6E61B0ED95800DBBBDA /* tr2u.c in Sources */ = {isa = PBXBuildFile; fileRef = 18FEE6E51B0ED95800DBBBDA /* tr2u.c */; };
/* End PBXBuildFile section */

/* Begin PBXCopyFilesBuildPhase section */
		18FEE6E01B0ED95800DBBBDA /* CopyFiles */ = {
			isa = PBXCopyFilesBuildPhase;
			buildActionMask = 2147483647;
			dstPath = /usr/share/man/man1/;
			dstSubfolderSpec = 0;
			files = (
			);
			runOnlyForDeploymentPostprocessing = 1;
		};
/* End PBXCopyFilesBuildPhase section */

/* Begin PBXFileReference section */
		18FEE6E21B0ED95800DBBBDA /* tr2u */ = {isa = PBXFileReference; explicitFileType = "compiled.mach-o.executable"; includeInIndex = 0; path = tr2u; sourceTree = BUILT_PRODUCTS_DIR; };
		18FEE6E51B0ED95800DBBBDA /* tr2u.c */ = {isa = PBXFileReference; lastKnownFileType = sourcecode.c.c; path = tr2u.c; sourceTree = "<group>"; };
/* End PBXFileReference section */

/* Begin PBXFrameworksBuildPhase section */
		18FEE6DF1B0ED95800DBBBDA /* Frameworks */ = {
			isa = PBXFrameworksBuildPhase;
			buildActionMask = 2147483647;
			files = (
			);
			runOnlyForDeploymentPostprocessing = 0;
		};
/* End PBXFrameworksBuildPhase section */

/* Begin PBXGroup section */
		18FEE6D91B0ED95800DBBBDA = {
			isa = PBXGroup;
			children = (
				18FEE6E41B0ED95800DBBBDA /* tr2u */,
				18FEE6E31B0ED95800DBBBDA /* Products */,
			);
			sourceTree = "<group>";
		};
		18FEE6E31B0ED95800DBBBDA /* Products */ = {
			isa = PBXGroup;
			children = (
				18FEE6E21B0ED95800DBBBDA /* tr2u */,
			);
			name = Products;
			sourceTree = "<group>";
		};
		18FEE6E41B0ED95800DBBBDA /* tr2u */ = {
			isa = PBXGroup;
			children = (
				18FEE6E51B0ED95800DBBBDA /* tr2u.c */,
			);
			path = tr2u;
			sourceTree = "<group>";
		};
/* End PBXGroup section */

/* Begin PBXNativeTarget section */
		18FEE6E11B0ED95800DBBBDA /* tr2u */ = {
			isa = PBXNativeTarget;
			buildConfigurationList = 18FEE6E91B0ED95800DBBBDA /* Build configuration list for PBXNativeTarget "tr2u" */;
			buildPhases = (
				18FEE6DE1B0ED95800DBBBDA /* Sources */,
				18FEE6DF1B0ED95800DBBBDA /* Frameworks */,
				18FEE6E01B0ED95800DBBBDA /* CopyFiles */,
			);
			buildRules = (
			);
			dependencies = (
			);
			name = tr2u;
			productName = tr2u;
			productReference = 18FEE6E21B0ED95800DBBBDA /* tr2u */;
			productType = "com.apple.product-type.tool";
		};
/* End PBXNativeTarget section */

/* Begin PBXProject section */
		18FEE6DA1B0ED95800DBBBDA /* Project object */ = {
			isa = PBXProject;
			attributes = {
				LastUpgradeCheck = 0610;
				ORGANIZATIONNAME = apple;
				TargetAttributes = {
					18FEE6E11B0ED95800DBBBDA = {
						CreatedOnToolsVersion = 6.1;
					};
				};
			};
			buildConfigurationList = 18FEE6DD1B0ED95800DBBBDA /* Build configuration list for PBXProject "tr2u" */;
			compatibilityVersion = "Xcode 3.2";
			developmentRegion = English;
			hasScannedForEncodings = 0;
			knownRegions = (
				en,
			);
			mainGroup = 18FEE6D91B0ED95800DBBBDA;
			productRefGroup = 18FEE6E31B0ED95800DBBBDA /* Products */;
			projectDirPath = "";
			projectRoot = "";
			targets = (
				18FEE6E11B0ED95800DBBBDA /* tr2u */,
			);
		};
/* End PBXProject section */

/* Begin PBXSourcesBuildPhase section */
		18FEE6DE1B0ED95800DBBBDA /* Sources */ = {
			isa = PBXSourcesBuildPhase;
			buildActionMask = 2147483647;
			files = (
				18FEE6E61B0ED95800DBBBDA /* tr2u.c in Sources */,
			);
			runOnlyForDeploymentPostprocessing = 0;
		};
/* End PBXSourcesBuildPhase section */

/* Begin XCBuildConfiguration section */
		18FEE6E71B0ED95800DBBBDA /* Debug */ = {
			isa = XCBuildConfiguration;
			buildSettings = {
				ALWAYS_SEARCH_USER_PATHS = NO;
				CLANG_CXX_LANGUAGE_STANDARD = "gnu++0x";
				CLANG_CXX_LIBRARY = "libc++";
				CLANG_ENABLE_MODULES = YES;
				CLANG_ENABLE_OBJC_ARC = YES;
				CLANG_WARN_BOOL_CONVERSION = YES;
				CLANG_WARN_CONSTANT_CONVERSION = YES;
				CLANG_WARN_DIRECT_OBJC_ISA_USAGE = YES_ERROR;
				CLANG_WARN_EMPTY_BODY = YES;
				CLANG_WARN_ENUM_CONVERSION = YES;
				CLANG_WARN_INT_CONVERSION = YES;
				CLANG_WARN_OBJC_ROOT_CLASS = YES_ERROR;
				CLANG_WARN_UNREACHABLE_CODE = YES;
				CLANG_WARN__DUPLICATE_METHOD_MATCH = YES;
				COPY_PHASE_STRIP = NO;
				ENABLE_STRICT_OBJC_MSGSEND = YES;
				GCC_C_LANGUAGE_STANDARD = gnu99;
				GCC_DYNAMIC_NO_PIC = NO;
				GCC_OPTIMIZATION_LEVEL = 0;
				GCC_PREPROCESSOR_DEFINITIONS = (
					"DEBUG=1",
					"$(inherited)",
				);
				GCC_SYMBOLS_PRIVATE_EXTERN = NO;
				GCC_WARN_64_TO_32_BIT_CONVERSION = YES;
				GCC_WARN_ABOUT_RETURN_TYPE = YES_ERROR;
				GCC_WARN_UNDECLARED_SELECTOR = YES;
				GCC_WARN_UNINITIALIZED_AUTOS = YES_AGGRESSIVE;
				GCC_WARN_UNUSED_FUNCTION = YES;
				GCC_WARN_UNUSED_VARIABLE = YES;
				MACOSX_DEPLOYMENT_TARGET = 10.10;
				MTL_ENABLE_DEBUG_INFO = YES;
				ONLY_ACTIVE_ARCH = YES;
				SDKROOT = macosx;
			};
			name = Debug;
		};
		18FEE6E81B0ED95800DBBBDA /* Release */ = {
			isa = XCBuildConfiguration;
			buildSettings = {
				ALWAYS_SEARCH_USER_PATHS = NO;
				CLANG_CXX_LANGUAGE_STANDARD = "gnu++0x";
				CLANG_CXX_LIBRARY = "libc++";
				CLANG_ENABLE_MODULES = YES;
				CLANG_ENABLE_OBJC_ARC = YES;
				CLANG_WARN_BOOL_CONVERSION = YES;
				CLANG_WARN_CONSTANT_CONVERSION = YES;
				CLANG_WARN_DIRECT_OBJC_ISA_USAGE = YES_ERROR;
				CLANG_WARN_EMPTY_BODY = YES;
				CLANG_WARN_ENUM_CONVERSION = YES;
				CLANG_WARN_INT_CONVERSION = YES;
				CLANG_WARN_OBJC_ROOT_CLASS = YES_ERROR;
				CLANG_WARN_UNREACHABLE_CODE = YES;
				CLANG_WARN__DUPLICATE_METHOD_MATCH = YES;
				COPY_PHASE_STRIP = YES;
				DEBUG_INFORMATION_FORMAT = "dwarf-with-dsym";
				ENABLE_NS_ASSERTIONS = NO;
				ENABLE_STRICT_OBJC_MSGSEND = YES;
				GCC_C_LANGUAGE_STANDARD = gnu99;
				GCC_WARN_64_TO_32_BIT_CONVERSION = YES;
				GCC_WARN_ABOUT_RETURN_TYPE = YES_ERROR;
				GCC_WARN_UNDECLARED_SELECTOR = YES;
				GCC_WARN_UNINITIALIZED_AUTOS = YES_AGGRESSIVE;
				GCC_WARN_UNUSED_FUNCTION = YES;
				GCC_WARN_UNUSED_VARIABLE = YES;
				MACOSX_DEPLOYMENT_TARGET = 10.10;
				MTL_ENABLE_DEBUG_INFO = NO;
				SDKROOT = macosx;
			};
			name = Release;
		};
		18FEE6EA1B0ED95800DBBBDA /* Debug */ = {
			isa = XCBuildConfiguration;
			buildSettings = {
				PRODUCT_NAME = "$(TARGET_NAME)";
			};
			name = Debug;
		};
		18FEE6EB1B0ED95800DBBBDA /* Release */ = {
			isa = XCBuildConfiguration;
			buildSettings = {
				PRODUCT_NAME = "$(TARGET_NAME)";
			};
			name = Release;
		};
/* End XCBuildConfiguration section */

/* Begin XCConfigurationList section */
		18FEE6DD1B0ED95800DBBBDA /* Build configuration list for PBXProject "tr2u" */ = {
			isa = XCConfigurationList;
			buildConfigurations = (
				18FEE6E71B0ED95800DBBBDA /* Debug */,
				18FEE6E81B0ED95800DBBBDA /* Release */,
			);
			defaultConfigurationIsVisible = 0;
			defaultConfigurationName = Release;
		};
		18FEE6E91B0ED95800DBBBDA /* Build configuration list for PBXNativeTarget "tr2u" */ = {
			isa = XCConfigurationList;
			buildConfigurations = (
				18FEE6EA1B0ED95800DBBBDA /* Debug */,
				18FEE6EB1B0ED95800DBBBDA /* Release */,
			);
			defaultConfigurationIsVisible = 0;
		};
/* End XCConfigurationList section */
	};
	rootObject = 18FEE6DA1B0ED95800DBBBDA /* Project object */;
}
